
Microsoft Visual Studio Solution File, Format Version 12.00
# Visual Studio Version 17
VisualStudioVersion = 17.1.32210.238
MinimumVisualStudioVersion = 10.0.40219.1
Project("{9A19103F-16F7-4668-BE54-9A1E7A4F7556}") = "VS_ShipmentDiscountCalculationModule", "VS_ShipmentDiscountCalculationModule.csproj", "{7B935F52-C6EA-4165-B1BA-33B6A893A77C}"
EndProject
Global
	GlobalSection(SolutionConfigurationPlatforms) = preSolution
		Debug|Any CPU = Debug|Any CPU
		Release|Any CPU = Release|Any CPU
	EndGlobalSection
	GlobalSection(ProjectConfigurationPlatforms) = postSolution
		{7B935F52-C6EA-4165-B1BA-33B6A893A77C}.Debug|Any CPU.ActiveCfg = Debug|Any CPU
		{7B935F52-C6EA-4165-B1BA-33B6A893A77C}.Debug|Any CPU.Build.0 = Debug|Any CPU
		{7B935F52-C6EA-4165-B1BA-33B6A893A77C}.Release|Any CPU.ActiveCfg = Release|Any CPU
		{7B935F52-C6EA-4165-B1BA-33B6A893A77C}.Release|Any CPU.Build.0 = Release|Any CPU
	EndGlobalSection
	GlobalSection(SolutionProperties) = preSolution
		HideSolutionNode = FALSE
	EndGlobalSection
	GlobalSection(ExtensibilityGlobals) = postSolution
		SolutionGuid = {461AEEFF-FEB6-43BE-92E2-73287D98A3D3}
	EndGlobalSection
EndGlobal
